
Microsoft Visual Studio Solution File, Format Version 12.00
# Visual Studio 2012
Project("{FAE04EC0-301F-11D3-BF4B-00C04F79EFBC}") = "Postworthy.Web", "Postworthy.Web\Postworthy.Web.csproj", "{9F6F64B4-E114-4CFD-BE69-835F0AE57A97}"
EndProject
Project("{FAE04EC0-301F-11D3-BF4B-00C04F79EFBC}") = "Postworthy.Tasks.Update", "Postworthy.Tasks.Update\Postworthy.Tasks.Update.csproj", "{74468A94-8F4C-4A40-93BF-D22585F4AA25}"
EndProject
Project("{FAE04EC0-301F-11D3-BF4B-00C04F79EFBC}") = "Postworthy.Models", "Postworthy.Models\Postworthy.Models.csproj", "{1628E67A-0233-4F42-A3F7-3FF4A121F9A8}"
EndProject
Project("{FAE04EC0-301F-11D3-BF4B-00C04F79EFBC}") = "Postworthy.Tasks.Grouping", "Postworthy.Tasks.Grouping\Postworthy.Tasks.Grouping.csproj", "{B8EE8DDC-FE14-4D62-A6EE-2E2753890BD4}"
EndProject
Project("{FAE04EC0-301F-11D3-BF4B-00C04F79EFBC}") = "Postworthy.Tasks.Streaming", "Postworthy.Tasks.Streaming\Postworthy.Tasks.Streaming.csproj", "{5D2855FE-3921-4912-BC4A-0AC78003ED17}"
EndProject
Global
	GlobalSection(SolutionConfigurationPlatforms) = preSolution
		Debug|Any CPU = Debug|Any CPU
		Debug|Mixed Platforms = Debug|Mixed Platforms
		Debug|x86 = Debug|x86
		Release|Any CPU = Release|Any CPU
		Release|Mixed Platforms = Release|Mixed Platforms
		Release|x86 = Release|x86
	EndGlobalSection
	GlobalSection(ProjectConfigurationPlatforms) = postSolution
		{9F6F64B4-E114-4CFD-BE69-835F0AE57A97}.Debug|Any CPU.ActiveCfg = Debug|Any CPU
		{9F6F64B4-E114-4CFD-BE69-835F0AE57A97}.Debug|Any CPU.Build.0 = Debug|Any CPU
		{9F6F64B4-E114-4CFD-BE69-835F0AE57A97}.Debug|Mixed Platforms.ActiveCfg = Debug|Any CPU
		{9F6F64B4-E114-4CFD-BE69-835F0AE57A97}.Debug|Mixed Platforms.Build.0 = Debug|Any CPU
		{9F6F64B4-E114-4CFD-BE69-835F0AE57A97}.Debug|x86.ActiveCfg = Debug|Any CPU
		{9F6F64B4-E114-4CFD-BE69-835F0AE57A97}.Release|Any CPU.ActiveCfg = Release|Any CPU
		{9F6F64B4-E114-4CFD-BE69-835F0AE57A97}.Release|Any CPU.Build.0 = Release|Any CPU
		{9F6F64B4-E114-4CFD-BE69-835F0AE57A97}.Release|Mixed Platforms.ActiveCfg = Release|Any CPU
		{9F6F64B4-E114-4CFD-BE69-835F0AE57A97}.Release|Mixed Platforms.Build.0 = Release|Any CPU
		{9F6F64B4-E114-4CFD-BE69-835F0AE57A97}.Release|x86.ActiveCfg = Release|Any CPU
		{74468A94-8F4C-4A40-93BF-D22585F4AA25}.Debug|Any CPU.ActiveCfg = Debug|x86
		{74468A94-8F4C-4A40-93BF-D22585F4AA25}.Debug|Mixed Platforms.ActiveCfg = Debug|x86
		{74468A94-8F4C-4A40-93BF-D22585F4AA25}.Debug|Mixed Platforms.Build.0 = Debug|x86
		{74468A94-8F4C-4A40-93BF-D22585F4AA25}.Debug|x86.ActiveCfg = Debug|x86
		{74468A94-8F4C-4A40-93BF-D22585F4AA25}.Debug|x86.Build.0 = Debug|x86
		{74468A94-8F4C-4A40-93BF-D22585F4AA25}.Release|Any CPU.ActiveCfg = Release|x86
		{74468A94-8F4C-4A40-93BF-D22585F4AA25}.Release|Mixed Platforms.ActiveCfg = Release|x86
		{74468A94-8F4C-4A40-93BF-D22585F4AA25}.Release|Mixed Platforms.Build.0 = Release|x86
		{74468A94-8F4C-4A40-93BF-D22585F4AA25}.Release|x86.ActiveCfg = Release|x86
		{74468A94-8F4C-4A40-93BF-D22585F4AA25}.Release|x86.Build.0 = Release|x86
		{1628E67A-0233-4F42-A3F7-3FF4A121F9A8}.Debug|Any CPU.ActiveCfg = Debug|Any CPU
		{1628E67A-0233-4F42-A3F7-3FF4A121F9A8}.Debug|Any CPU.Build.0 = Debug|Any CPU
		{1628E67A-0233-4F42-A3F7-3FF4A121F9A8}.Debug|Mixed Platforms.ActiveCfg = Debug|Any CPU
		{1628E67A-0233-4F42-A3F7-3FF4A121F9A8}.Debug|Mixed Platforms.Build.0 = Debug|Any CPU
		{1628E67A-0233-4F42-A3F7-3FF4A121F9A8}.Debug|x86.ActiveCfg = Debug|Any CPU
		{1628E67A-0233-4F42-A3F7-3FF4A121F9A8}.Release|Any CPU.ActiveCfg = Release|Any CPU
		{1628E67A-0233-4F42-A3F7-3FF4A121F9A8}.Release|Any CPU.Build.0 = Release|Any CPU
		{1628E67A-0233-4F42-A3F7-3FF4A121F9A8}.Release|Mixed Platforms.ActiveCfg = Release|Any CPU
		{1628E67A-0233-4F42-A3F7-3FF4A121F9A8}.Release|Mixed Platforms.Build.0 = Release|Any CPU
		{1628E67A-0233-4F42-A3F7-3FF4A121F9A8}.Release|x86.ActiveCfg = Release|Any CPU
		{B8EE8DDC-FE14-4D62-A6EE-2E2753890BD4}.Debug|Any CPU.ActiveCfg = Debug|x86
		{B8EE8DDC-FE14-4D62-A6EE-2E2753890BD4}.Debug|Mixed Platforms.ActiveCfg = Debug|x86
		{B8EE8DDC-FE14-4D62-A6EE-2E2753890BD4}.Debug|Mixed Platforms.Build.0 = Debug|x86
		{B8EE8DDC-FE14-4D62-A6EE-2E2753890BD4}.Debug|x86.ActiveCfg = Debug|x86
		{B8EE8DDC-FE14-4D62-A6EE-2E2753890BD4}.Debug|x86.Build.0 = Debug|x86
		{B8EE8DDC-FE14-4D62-A6EE-2E2753890BD4}.Release|Any CPU.ActiveCfg = Release|x86
		{B8EE8DDC-FE14-4D62-A6EE-2E2753890BD4}.Release|Mixed Platforms.ActiveCfg = Release|x86
		{B8EE8DDC-FE14-4D62-A6EE-2E2753890BD4}.Release|Mixed Platforms.Build.0 = Release|x86
		{B8EE8DDC-FE14-4D62-A6EE-2E2753890BD4}.Release|x86.ActiveCfg = Release|x86
		{B8EE8DDC-FE14-4D62-A6EE-2E2753890BD4}.Release|x86.Build.0 = Release|x86
		{5D2855FE-3921-4912-BC4A-0AC78003ED17}.Debug|Any CPU.ActiveCfg = Debug|x86
		{5D2855FE-3921-4912-BC4A-0AC78003ED17}.Debug|Mixed Platforms.ActiveCfg = Debug|x86
		{5D2855FE-3921-4912-BC4A-0AC78003ED17}.Debug|Mixed Platforms.Build.0 = Debug|x86
		{5D2855FE-3921-4912-BC4A-0AC78003ED17}.Debug|x86.ActiveCfg = Debug|x86
		{5D2855FE-3921-4912-BC4A-0AC78003ED17}.Debug|x86.Build.0 = Debug|x86
		{5D2855FE-3921-4912-BC4A-0AC78003ED17}.Release|Any CPU.ActiveCfg = Release|x86
		{5D2855FE-3921-4912-BC4A-0AC78003ED17}.Release|Mixed Platforms.ActiveCfg = Release|x86
		{5D2855FE-3921-4912-BC4A-0AC78003ED17}.Release|Mixed Platforms.Build.0 = Release|x86
		{5D2855FE-3921-4912-BC4A-0AC78003ED17}.Release|x86.ActiveCfg = Release|x86
		{5D2855FE-3921-4912-BC4A-0AC78003ED17}.Release|x86.Build.0 = Release|x86
	EndGlobalSection
	GlobalSection(SolutionProperties) = preSolution
		HideSolutionNode = FALSE
	EndGlobalSection
EndGlobal
