
Microsoft Visual Studio Solution File, Format Version 12.00
# Visual Studio 2013
VisualStudioVersion = 12.0.21005.1
MinimumVisualStudioVersion = 10.0.40219.1
Project("{FAE04EC0-301F-11D3-BF4B-00C04F79EFBC}") = "Postworthy.Models", "Postworthy.Models\Postworthy.Models.csproj", "{1628E67A-0233-4F42-A3F7-3FF4A121F9A8}"
EndProject
Project("{FAE04EC0-301F-11D3-BF4B-00C04F79EFBC}") = "Postworthy.Tasks.Grouping", "Postworthy.Tasks.Grouping\Postworthy.Tasks.Grouping.csproj", "{B8EE8DDC-FE14-4D62-A6EE-2E2753890BD4}"
EndProject
Project("{FAE04EC0-301F-11D3-BF4B-00C04F79EFBC}") = "Postworthy.Tasks.StreamMonitor", "Postworthy.Tasks.StreamMonitor\Postworthy.Tasks.StreamMonitor.csproj", "{8230CB3C-BC4A-46D5-9074-3020F9E47E19}"
EndProject
Project("{FAE04EC0-301F-11D3-BF4B-00C04F79EFBC}") = "Postworthy.Web.Bot", "Postworthy.Web.Bot\Postworthy.Web.Bot.csproj", "{FEAF78B2-70EA-428E-B7B2-B78BBD1AEB6D}"
EndProject
Project("{FAE04EC0-301F-11D3-BF4B-00C04F79EFBC}") = "Postworthy.Tasks.Bot", "Postworthy.Tasks.Bot\Postworthy.Tasks.Bot.csproj", "{46F305C4-923C-4B16-8958-BC207715C0B3}"
EndProject
Project("{FAE04EC0-301F-11D3-BF4B-00C04F79EFBC}") = "Postworthy.Tasks.CloudServiceManager", "Postworthy.Tasks.CloudServiceManager\Postworthy.Tasks.CloudServiceManager.csproj", "{F6F1FF2C-F560-4B16-A6E4-399CF3473779}"
EndProject
Project("{FAE04EC0-301F-11D3-BF4B-00C04F79EFBC}") = "Postworthy.Web", "Postworthy.Web\Postworthy.Web.csproj", "{4AAD484F-4C8C-436B-9B6A-448997A77FE2}"
EndProject
Project("{FAE04EC0-301F-11D3-BF4B-00C04F79EFBC}") = "Postworthy.Tasks.LanguageAnalytics", "Postworthy.Tasks.LanguageAnalytics\Postworthy.Tasks.LanguageAnalytics.csproj", "{40473902-D599-40A2-8724-EA9B9FFA7047}"
EndProject
Project("{2150E333-8FDC-42A3-9474-1A3956D46DE8}") = ".nuget", ".nuget", "{93D7E8BA-046C-4DCA-A72D-45D3272F4D7E}"
	ProjectSection(SolutionItems) = preProject
		.nuget\NuGet.Config = .nuget\NuGet.Config
		.nuget\NuGet.exe = .nuget\NuGet.exe
		.nuget\NuGet.targets = .nuget\NuGet.targets
	EndProjectSection
EndProject
Project("{FAE04EC0-301F-11D3-BF4B-00C04F79EFBC}") = "Postworthy.Tasks.WebContent", "Postworthy.Tasks.WebContent\Postworthy.Tasks.WebContent.csproj", "{30B2E02D-48A1-4EC8-AE7C-60D59B17D6AB}"
EndProject
Global
	GlobalSection(SolutionConfigurationPlatforms) = preSolution
		Debug|Any CPU = Debug|Any CPU
		Debug|Mixed Platforms = Debug|Mixed Platforms
		Debug|x86 = Debug|x86
		Release|Any CPU = Release|Any CPU
		Release|Mixed Platforms = Release|Mixed Platforms
		Release|x86 = Release|x86
	EndGlobalSection
	GlobalSection(ProjectConfigurationPlatforms) = postSolution
		{1628E67A-0233-4F42-A3F7-3FF4A121F9A8}.Debug|Any CPU.ActiveCfg = Debug|Any CPU
		{1628E67A-0233-4F42-A3F7-3FF4A121F9A8}.Debug|Any CPU.Build.0 = Debug|Any CPU
		{1628E67A-0233-4F42-A3F7-3FF4A121F9A8}.Debug|Mixed Platforms.ActiveCfg = Debug|Any CPU
		{1628E67A-0233-4F42-A3F7-3FF4A121F9A8}.Debug|Mixed Platforms.Build.0 = Debug|Any CPU
		{1628E67A-0233-4F42-A3F7-3FF4A121F9A8}.Debug|x86.ActiveCfg = Debug|Any CPU
		{1628E67A-0233-4F42-A3F7-3FF4A121F9A8}.Release|Any CPU.ActiveCfg = Release|Any CPU
		{1628E67A-0233-4F42-A3F7-3FF4A121F9A8}.Release|Any CPU.Build.0 = Release|Any CPU
		{1628E67A-0233-4F42-A3F7-3FF4A121F9A8}.Release|Mixed Platforms.ActiveCfg = Release|Any CPU
		{1628E67A-0233-4F42-A3F7-3FF4A121F9A8}.Release|Mixed Platforms.Build.0 = Release|Any CPU
		{1628E67A-0233-4F42-A3F7-3FF4A121F9A8}.Release|x86.ActiveCfg = Release|Any CPU
		{B8EE8DDC-FE14-4D62-A6EE-2E2753890BD4}.Debug|Any CPU.ActiveCfg = Debug|x86
		{B8EE8DDC-FE14-4D62-A6EE-2E2753890BD4}.Debug|Mixed Platforms.ActiveCfg = Debug|x86
		{B8EE8DDC-FE14-4D62-A6EE-2E2753890BD4}.Debug|Mixed Platforms.Build.0 = Debug|x86
		{B8EE8DDC-FE14-4D62-A6EE-2E2753890BD4}.Debug|x86.ActiveCfg = Debug|x86
		{B8EE8DDC-FE14-4D62-A6EE-2E2753890BD4}.Debug|x86.Build.0 = Debug|x86
		{B8EE8DDC-FE14-4D62-A6EE-2E2753890BD4}.Release|Any CPU.ActiveCfg = Release|x86
		{B8EE8DDC-FE14-4D62-A6EE-2E2753890BD4}.Release|Mixed Platforms.ActiveCfg = Release|x86
		{B8EE8DDC-FE14-4D62-A6EE-2E2753890BD4}.Release|Mixed Platforms.Build.0 = Release|x86
		{B8EE8DDC-FE14-4D62-A6EE-2E2753890BD4}.Release|x86.ActiveCfg = Release|x86
		{B8EE8DDC-FE14-4D62-A6EE-2E2753890BD4}.Release|x86.Build.0 = Release|x86
		{8230CB3C-BC4A-46D5-9074-3020F9E47E19}.Debug|Any CPU.ActiveCfg = Debug|x86
		{8230CB3C-BC4A-46D5-9074-3020F9E47E19}.Debug|Mixed Platforms.ActiveCfg = Debug|x86
		{8230CB3C-BC4A-46D5-9074-3020F9E47E19}.Debug|Mixed Platforms.Build.0 = Debug|x86
		{8230CB3C-BC4A-46D5-9074-3020F9E47E19}.Debug|x86.ActiveCfg = Debug|x86
		{8230CB3C-BC4A-46D5-9074-3020F9E47E19}.Debug|x86.Build.0 = Debug|x86
		{8230CB3C-BC4A-46D5-9074-3020F9E47E19}.Release|Any CPU.ActiveCfg = Release|x86
		{8230CB3C-BC4A-46D5-9074-3020F9E47E19}.Release|Mixed Platforms.ActiveCfg = Release|x86
		{8230CB3C-BC4A-46D5-9074-3020F9E47E19}.Release|Mixed Platforms.Build.0 = Release|x86
		{8230CB3C-BC4A-46D5-9074-3020F9E47E19}.Release|x86.ActiveCfg = Release|x86
		{8230CB3C-BC4A-46D5-9074-3020F9E47E19}.Release|x86.Build.0 = Release|x86
		{FEAF78B2-70EA-428E-B7B2-B78BBD1AEB6D}.Debug|Any CPU.ActiveCfg = Debug|Any CPU
		{FEAF78B2-70EA-428E-B7B2-B78BBD1AEB6D}.Debug|Any CPU.Build.0 = Debug|Any CPU
		{FEAF78B2-70EA-428E-B7B2-B78BBD1AEB6D}.Debug|Mixed Platforms.ActiveCfg = Debug|Any CPU
		{FEAF78B2-70EA-428E-B7B2-B78BBD1AEB6D}.Debug|Mixed Platforms.Build.0 = Debug|Any CPU
		{FEAF78B2-70EA-428E-B7B2-B78BBD1AEB6D}.Debug|x86.ActiveCfg = Debug|Any CPU
		{FEAF78B2-70EA-428E-B7B2-B78BBD1AEB6D}.Release|Any CPU.ActiveCfg = Release|Any CPU
		{FEAF78B2-70EA-428E-B7B2-B78BBD1AEB6D}.Release|Any CPU.Build.0 = Release|Any CPU
		{FEAF78B2-70EA-428E-B7B2-B78BBD1AEB6D}.Release|Mixed Platforms.ActiveCfg = Release|Any CPU
		{FEAF78B2-70EA-428E-B7B2-B78BBD1AEB6D}.Release|Mixed Platforms.Build.0 = Release|Any CPU
		{FEAF78B2-70EA-428E-B7B2-B78BBD1AEB6D}.Release|x86.ActiveCfg = Release|Any CPU
		{46F305C4-923C-4B16-8958-BC207715C0B3}.Debug|Any CPU.ActiveCfg = Debug|Any CPU
		{46F305C4-923C-4B16-8958-BC207715C0B3}.Debug|Any CPU.Build.0 = Debug|Any CPU
		{46F305C4-923C-4B16-8958-BC207715C0B3}.Debug|Mixed Platforms.ActiveCfg = Debug|Any CPU
		{46F305C4-923C-4B16-8958-BC207715C0B3}.Debug|Mixed Platforms.Build.0 = Debug|Any CPU
		{46F305C4-923C-4B16-8958-BC207715C0B3}.Debug|x86.ActiveCfg = Debug|Any CPU
		{46F305C4-923C-4B16-8958-BC207715C0B3}.Release|Any CPU.ActiveCfg = Release|Any CPU
		{46F305C4-923C-4B16-8958-BC207715C0B3}.Release|Any CPU.Build.0 = Release|Any CPU
		{46F305C4-923C-4B16-8958-BC207715C0B3}.Release|Mixed Platforms.ActiveCfg = Release|Any CPU
		{46F305C4-923C-4B16-8958-BC207715C0B3}.Release|Mixed Platforms.Build.0 = Release|Any CPU
		{46F305C4-923C-4B16-8958-BC207715C0B3}.Release|x86.ActiveCfg = Release|Any CPU
		{F6F1FF2C-F560-4B16-A6E4-399CF3473779}.Debug|Any CPU.ActiveCfg = Debug|Any CPU
		{F6F1FF2C-F560-4B16-A6E4-399CF3473779}.Debug|Any CPU.Build.0 = Debug|Any CPU
		{F6F1FF2C-F560-4B16-A6E4-399CF3473779}.Debug|Mixed Platforms.ActiveCfg = Debug|Any CPU
		{F6F1FF2C-F560-4B16-A6E4-399CF3473779}.Debug|Mixed Platforms.Build.0 = Debug|Any CPU
		{F6F1FF2C-F560-4B16-A6E4-399CF3473779}.Debug|x86.ActiveCfg = Debug|Any CPU
		{F6F1FF2C-F560-4B16-A6E4-399CF3473779}.Release|Any CPU.ActiveCfg = Release|Any CPU
		{F6F1FF2C-F560-4B16-A6E4-399CF3473779}.Release|Any CPU.Build.0 = Release|Any CPU
		{F6F1FF2C-F560-4B16-A6E4-399CF3473779}.Release|Mixed Platforms.ActiveCfg = Release|Any CPU
		{F6F1FF2C-F560-4B16-A6E4-399CF3473779}.Release|Mixed Platforms.Build.0 = Release|Any CPU
		{F6F1FF2C-F560-4B16-A6E4-399CF3473779}.Release|x86.ActiveCfg = Release|Any CPU
		{4AAD484F-4C8C-436B-9B6A-448997A77FE2}.Debug|Any CPU.ActiveCfg = Debug|Any CPU
		{4AAD484F-4C8C-436B-9B6A-448997A77FE2}.Debug|Any CPU.Build.0 = Debug|Any CPU
		{4AAD484F-4C8C-436B-9B6A-448997A77FE2}.Debug|Mixed Platforms.ActiveCfg = Debug|Any CPU
		{4AAD484F-4C8C-436B-9B6A-448997A77FE2}.Debug|Mixed Platforms.Build.0 = Debug|Any CPU
		{4AAD484F-4C8C-436B-9B6A-448997A77FE2}.Debug|x86.ActiveCfg = Debug|Any CPU
		{4AAD484F-4C8C-436B-9B6A-448997A77FE2}.Release|Any CPU.ActiveCfg = Release|Any CPU
		{4AAD484F-4C8C-436B-9B6A-448997A77FE2}.Release|Any CPU.Build.0 = Release|Any CPU
		{4AAD484F-4C8C-436B-9B6A-448997A77FE2}.Release|Mixed Platforms.ActiveCfg = Release|Any CPU
		{4AAD484F-4C8C-436B-9B6A-448997A77FE2}.Release|Mixed Platforms.Build.0 = Release|Any CPU
		{4AAD484F-4C8C-436B-9B6A-448997A77FE2}.Release|x86.ActiveCfg = Release|Any CPU
		{40473902-D599-40A2-8724-EA9B9FFA7047}.Debug|Any CPU.ActiveCfg = Debug|Any CPU
		{40473902-D599-40A2-8724-EA9B9FFA7047}.Debug|Any CPU.Build.0 = Debug|Any CPU
		{40473902-D599-40A2-8724-EA9B9FFA7047}.Debug|Mixed Platforms.ActiveCfg = Debug|Any CPU
		{40473902-D599-40A2-8724-EA9B9FFA7047}.Debug|Mixed Platforms.Build.0 = Debug|Any CPU
		{40473902-D599-40A2-8724-EA9B9FFA7047}.Debug|x86.ActiveCfg = Debug|Any CPU
		{40473902-D599-40A2-8724-EA9B9FFA7047}.Release|Any CPU.ActiveCfg = Release|Any CPU
		{40473902-D599-40A2-8724-EA9B9FFA7047}.Release|Any CPU.Build.0 = Release|Any CPU
		{40473902-D599-40A2-8724-EA9B9FFA7047}.Release|Mixed Platforms.ActiveCfg = Release|Any CPU
		{40473902-D599-40A2-8724-EA9B9FFA7047}.Release|Mixed Platforms.Build.0 = Release|Any CPU
		{40473902-D599-40A2-8724-EA9B9FFA7047}.Release|x86.ActiveCfg = Release|Any CPU
		{30B2E02D-48A1-4EC8-AE7C-60D59B17D6AB}.Debug|Any CPU.ActiveCfg = Debug|Any CPU
		{30B2E02D-48A1-4EC8-AE7C-60D59B17D6AB}.Debug|Any CPU.Build.0 = Debug|Any CPU
		{30B2E02D-48A1-4EC8-AE7C-60D59B17D6AB}.Debug|Mixed Platforms.ActiveCfg = Debug|Any CPU
		{30B2E02D-48A1-4EC8-AE7C-60D59B17D6AB}.Debug|Mixed Platforms.Build.0 = Debug|Any CPU
		{30B2E02D-48A1-4EC8-AE7C-60D59B17D6AB}.Debug|x86.ActiveCfg = Debug|Any CPU
		{30B2E02D-48A1-4EC8-AE7C-60D59B17D6AB}.Release|Any CPU.ActiveCfg = Release|Any CPU
		{30B2E02D-48A1-4EC8-AE7C-60D59B17D6AB}.Release|Any CPU.Build.0 = Release|Any CPU
		{30B2E02D-48A1-4EC8-AE7C-60D59B17D6AB}.Release|Mixed Platforms.ActiveCfg = Release|Any CPU
		{30B2E02D-48A1-4EC8-AE7C-60D59B17D6AB}.Release|Mixed Platforms.Build.0 = Release|Any CPU
		{30B2E02D-48A1-4EC8-AE7C-60D59B17D6AB}.Release|x86.ActiveCfg = Release|Any CPU
	EndGlobalSection
	GlobalSection(SolutionProperties) = preSolution
		HideSolutionNode = FALSE
	EndGlobalSection
EndGlobal
